// !$*UTF8*$!
{
	archiveVersion = 1;
	classes = {
	};
	objectVersion = 55;
	objects = {

/* Begin PBXBuildFile section */
		BAC5407C293A5D5800CA5415 /* IBooksApp.swift in Sources */ = {isa = PBXBuildFile; fileRef = BAC5407B293A5D5800CA5415 /* IBooksApp.swift */; };
		BAC5407E293A5D5800CA5415 /* ContentView.swift in Sources */ = {isa = PBXBuildFile; fileRef = BAC5407D293A5D5800CA5415 /* ContentView.swift */; };
		BAC54080293A5D5900CA5415 /* Assets.xcassets in Resources */ = {isa = PBXBuildFile; fileRef = BAC5407F293A5D5900CA5415 /* Assets.xcassets */; };
		BAC54083293A5D5900CA5415 /* Preview Assets.xcassets in Resources */ = {isa = PBXBuildFile; fileRef = BAC54082293A5D5900CA5415 /* Preview Assets.xcassets */; };
		BAC5408D293A60CB00CA5415 /* HomeView.swift in Sources */ = {isa = PBXBuildFile; fileRef = BAC5408C293A60CB00CA5415 /* HomeView.swift */; };
		BAC5408F293A61CE00CA5415 /* ProfileView.swift in Sources */ = {isa = PBXBuildFile; fileRef = BAC5408E293A61CE00CA5415 /* ProfileView.swift */; };
		BAC54092293A67AD00CA5415 /* BookRowView.swift in Sources */ = {isa = PBXBuildFile; fileRef = BAC54091293A67AD00CA5415 /* BookRowView.swift */; };
		BAC54094293A89CA00CA5415 /* ProfileViewModel.swift in Sources */ = {isa = PBXBuildFile; fileRef = BAC54093293A89CA00CA5415 /* ProfileViewModel.swift */; };
		BAC54096293A995D00CA5415 /* HomeViewModel.swift in Sources */ = {isa = PBXBuildFile; fileRef = BAC54095293A995D00CA5415 /* HomeViewModel.swift */; };
		BAC54098293AA0AD00CA5415 /* Book.swift in Sources */ = {isa = PBXBuildFile; fileRef = BAC54097293AA0AD00CA5415 /* Book.swift */; };
/* End PBXBuildFile section */

/* Begin PBXFileReference section */
		BAC54078293A5D5800CA5415 /* IBooks.app */ = {isa = PBXFileReference; explicitFileType = wrapper.application; includeInIndex = 0; path = IBooks.app; sourceTree = BUILT_PRODUCTS_DIR; };
		BAC5407B293A5D5800CA5415 /* IBooksApp.swift */ = {isa = PBXFileReference; lastKnownFileType = sourcecode.swift; path = IBooksApp.swift; sourceTree = "<group>"; };
		BAC5407D293A5D5800CA5415 /* ContentView.swift */ = {isa = PBXFileReference; lastKnownFileType = sourcecode.swift; path = ContentView.swift; sourceTree = "<group>"; };
		BAC5407F293A5D5900CA5415 /* Assets.xcassets */ = {isa = PBXFileReference; lastKnownFileType = folder.assetcatalog; path = Assets.xcassets; sourceTree = "<group>"; };
		BAC54082293A5D5900CA5415 /* Preview Assets.xcassets */ = {isa = PBXFileReference; lastKnownFileType = folder.assetcatalog; path = "Preview Assets.xcassets"; sourceTree = "<group>"; };
		BAC5408C293A60CB00CA5415 /* HomeView.swift */ = {isa = PBXFileReference; lastKnownFileType = sourcecode.swift; path = HomeView.swift; sourceTree = "<group>"; };
		BAC5408E293A61CE00CA5415 /* ProfileView.swift */ = {isa = PBXFileReference; lastKnownFileType = sourcecode.swift; path = ProfileView.swift; sourceTree = "<group>"; };
		BAC54091293A67AD00CA5415 /* BookRowView.swift */ = {isa = PBXFileReference; lastKnownFileType = sourcecode.swift; path = BookRowView.swift; sourceTree = "<group>"; };
		BAC54093293A89CA00CA5415 /* ProfileViewModel.swift */ = {isa = PBXFileReference; lastKnownFileType = sourcecode.swift; path = ProfileViewModel.swift; sourceTree = "<group>"; };
		BAC54095293A995D00CA5415 /* HomeViewModel.swift */ = {isa = PBXFileReference; lastKnownFileType = sourcecode.swift; path = HomeViewModel.swift; sourceTree = "<group>"; };
		BAC54097293AA0AD00CA5415 /* Book.swift */ = {isa = PBXFileReference; lastKnownFileType = sourcecode.swift; path = Book.swift; sourceTree = "<group>"; };
		BAC54099293AB58000CA5415 /* Info.plist */ = {isa = PBXFileReference; lastKnownFileType = text.plist; path = Info.plist; sourceTree = "<group>"; };
/* End PBXFileReference section */

/* Begin PBXFrameworksBuildPhase section */
		BAC54075293A5D5800CA5415 /* Frameworks */ = {
			isa = PBXFrameworksBuildPhase;
			buildActionMask = 2147483647;
			files = (
			);
			runOnlyForDeploymentPostprocessing = 0;
		};
/* End PBXFrameworksBuildPhase section */

/* Begin PBXGroup section */
		BAC5406F293A5D5800CA5415 = {
			isa = PBXGroup;
			children = (
				BAC5407A293A5D5800CA5415 /* IBooks */,
				BAC54079293A5D5800CA5415 /* Products */,
			);
			sourceTree = "<group>";
		};
		BAC54079293A5D5800CA5415 /* Products */ = {
			isa = PBXGroup;
			children = (
				BAC54078293A5D5800CA5415 /* IBooks.app */,
			);
			name = Products;
			sourceTree = "<group>";
		};
		BAC5407A293A5D5800CA5415 /* IBooks */ = {
			isa = PBXGroup;
			children = (
				BAC54099293AB58000CA5415 /* Info.plist */,
				BAC54090293A678F00CA5415 /* Components */,
				BAC5408B293A5F3D00CA5415 /* View */,
				BAC5408A293A5F3500CA5415 /* Model */,
				BAC54089293A5F2C00CA5415 /* ViewModel */,
				BAC5407B293A5D5800CA5415 /* IBooksApp.swift */,
				BAC5407F293A5D5900CA5415 /* Assets.xcassets */,
				BAC54081293A5D5900CA5415 /* Preview Content */,
			);
			path = IBooks;
			sourceTree = "<group>";
		};
		BAC54081293A5D5900CA5415 /* Preview Content */ = {
			isa = PBXGroup;
			children = (
				BAC54082293A5D5900CA5415 /* Preview Assets.xcassets */,
			);
			path = "Preview Content";
			sourceTree = "<group>";
		};
		BAC54089293A5F2C00CA5415 /* ViewModel */ = {
			isa = PBXGroup;
			children = (
				BAC54093293A89CA00CA5415 /* ProfileViewModel.swift */,
				BAC54095293A995D00CA5415 /* HomeViewModel.swift */,
			);
			path = ViewModel;
			sourceTree = "<group>";
		};
		BAC5408A293A5F3500CA5415 /* Model */ = {
			isa = PBXGroup;
			children = (
				BAC54097293AA0AD00CA5415 /* Book.swift */,
			);
			path = Model;
			sourceTree = "<group>";
		};
		BAC5408B293A5F3D00CA5415 /* View */ = {
			isa = PBXGroup;
			children = (
				BAC5407D293A5D5800CA5415 /* ContentView.swift */,
				BAC5408C293A60CB00CA5415 /* HomeView.swift */,
				BAC5408E293A61CE00CA5415 /* ProfileView.swift */,
			);
			path = View;
			sourceTree = "<group>";
		};
		BAC54090293A678F00CA5415 /* Components */ = {
			isa = PBXGroup;
			children = (
				BAC54091293A67AD00CA5415 /* BookRowView.swift */,
			);
			path = Components;
			sourceTree = "<group>";
		};
/* End PBXGroup section */

/* Begin PBXNativeTarget section */
		BAC54077293A5D5800CA5415 /* IBooks */ = {
			isa = PBXNativeTarget;
			buildConfigurationList = BAC54086293A5D5900CA5415 /* Build configuration list for PBXNativeTarget "IBooks" */;
			buildPhases = (
				BAC54074293A5D5800CA5415 /* Sources */,
				BAC54075293A5D5800CA5415 /* Frameworks */,
				BAC54076293A5D5800CA5415 /* Resources */,
			);
			buildRules = (
			);
			dependencies = (
			);
			name = IBooks;
			productName = IBooks;
			productReference = BAC54078293A5D5800CA5415 /* IBooks.app */;
			productType = "com.apple.product-type.application";
		};
/* End PBXNativeTarget section */

/* Begin PBXProject section */
		BAC54070293A5D5800CA5415 /* Project object */ = {
			isa = PBXProject;
			attributes = {
				BuildIndependentTargetsInParallel = 1;
				LastSwiftUpdateCheck = 1340;
				LastUpgradeCheck = 1340;
				TargetAttributes = {
					BAC54077293A5D5800CA5415 = {
						CreatedOnToolsVersion = 13.4.1;
					};
				};
			};
			buildConfigurationList = BAC54073293A5D5800CA5415 /* Build configuration list for PBXProject "IBooks" */;
			compatibilityVersion = "Xcode 13.0";
			developmentRegion = en;
			hasScannedForEncodings = 0;
			knownRegions = (
				en,
				Base,
			);
			mainGroup = BAC5406F293A5D5800CA5415;
			productRefGroup = BAC54079293A5D5800CA5415 /* Products */;
			projectDirPath = "";
			projectRoot = "";
			targets = (
				BAC54077293A5D5800CA5415 /* IBooks */,
			);
		};
/* End PBXProject section */

/* Begin PBXResourcesBuildPhase section */
		BAC54076293A5D5800CA5415 /* Resources */ = {
			isa = PBXResourcesBuildPhase;
			buildActionMask = 2147483647;
			files = (
				BAC54083293A5D5900CA5415 /* Preview Assets.xcassets in Resources */,
				BAC54080293A5D5900CA5415 /* Assets.xcassets in Resources */,
			);
			runOnlyForDeploymentPostprocessing = 0;
		};
/* End PBXResourcesBuildPhase section */

/* Begin PBXSourcesBuildPhase section */
		BAC54074293A5D5800CA5415 /* Sources */ = {
			isa = PBXSourcesBuildPhase;
			buildActionMask = 2147483647;
			files = (
				BAC54098293AA0AD00CA5415 /* Book.swift in Sources */,
				BAC54094293A89CA00CA5415 /* ProfileViewModel.swift in Sources */,
				BAC5408D293A60CB00CA5415 /* HomeView.swift in Sources */,
				BAC54096293A995D00CA5415 /* HomeViewModel.swift in Sources */,
				BAC54092293A67AD00CA5415 /* BookRowView.swift in Sources */,
				BAC5408F293A61CE00CA5415 /* ProfileView.swift in Sources */,
				BAC5407E293A5D5800CA5415 /* ContentView.swift in Sources */,
				BAC5407C293A5D5800CA5415 /* IBooksApp.swift in Sources */,
			);
			runOnlyForDeploymentPostprocessing = 0;
		};
/* End PBXSourcesBuildPhase section */

/* Begin XCBuildConfiguration section */
		BAC54084293A5D5900CA5415 /* Debug */ = {
			isa = XCBuildConfiguration;
			buildSettings = {
				ALWAYS_SEARCH_USER_PATHS = NO;
				CLANG_ANALYZER_NONNULL = YES;
				CLANG_ANALYZER_NUMBER_OBJECT_CONVERSION = YES_AGGRESSIVE;
				CLANG_CXX_LANGUAGE_STANDARD = "gnu++17";
				CLANG_ENABLE_MODULES = YES;
				CLANG_ENABLE_OBJC_ARC = YES;
				CLANG_ENABLE_OBJC_WEAK = YES;
				CLANG_WARN_BLOCK_CAPTURE_AUTORELEASING = YES;
				CLANG_WARN_BOOL_CONVERSION = YES;
				CLANG_WARN_COMMA = YES;
				CLANG_WARN_CONSTANT_CONVERSION = YES;
				CLANG_WARN_DEPRECATED_OBJC_IMPLEMENTATIONS = YES;
				CLANG_WARN_DIRECT_OBJC_ISA_USAGE = YES_ERROR;
				CLANG_WARN_DOCUMENTATION_COMMENTS = YES;
				CLANG_WARN_EMPTY_BODY = YES;
				CLANG_WARN_ENUM_CONVERSION = YES;
				CLANG_WARN_INFINITE_RECURSION = YES;
				CLANG_WARN_INT_CONVERSION = YES;
				CLANG_WARN_NON_LITERAL_NULL_CONVERSION = YES;
				CLANG_WARN_OBJC_IMPLICIT_RETAIN_SELF = YES;
				CLANG_WARN_OBJC_LITERAL_CONVERSION = YES;
				CLANG_WARN_OBJC_ROOT_CLASS = YES_ERROR;
				CLANG_WARN_QUOTED_INCLUDE_IN_FRAMEWORK_HEADER = YES;
				CLANG_WARN_RANGE_LOOP_ANALYSIS = YES;
				CLANG_WARN_STRICT_PROTOTYPES = YES;
				CLANG_WARN_SUSPICIOUS_MOVE = YES;
				CLANG_WARN_UNGUARDED_AVAILABILITY = YES_AGGRESSIVE;
				CLANG_WARN_UNREACHABLE_CODE = YES;
				CLANG_WARN__DUPLICATE_METHOD_MATCH = YES;
				COPY_PHASE_STRIP = NO;
				DEBUG_INFORMATION_FORMAT = dwarf;
				ENABLE_STRICT_OBJC_MSGSEND = YES;
				ENABLE_TESTABILITY = YES;
				GCC_C_LANGUAGE_STANDARD = gnu11;
				GCC_DYNAMIC_NO_PIC = NO;
				GCC_NO_COMMON_BLOCKS = YES;
				GCC_OPTIMIZATION_LEVEL = 0;
				GCC_PREPROCESSOR_DEFINITIONS = (
					"DEBUG=1",
					"$(inherited)",
				);
				GCC_WARN_64_TO_32_BIT_CONVERSION = YES;
				GCC_WARN_ABOUT_RETURN_TYPE = YES_ERROR;
				GCC_WARN_UNDECLARED_SELECTOR = YES;
				GCC_WARN_UNINITIALIZED_AUTOS = YES_AGGRESSIVE;
				GCC_WARN_UNUSED_FUNCTION = YES;
				GCC_WARN_UNUSED_VARIABLE = YES;
				IPHONEOS_DEPLOYMENT_TARGET = 15.5;
				MTL_ENABLE_DEBUG_INFO = INCLUDE_SOURCE;
				MTL_FAST_MATH = YES;
				ONLY_ACTIVE_ARCH = YES;
				SDKROOT = iphoneos;
				SWIFT_ACTIVE_COMPILATION_CONDITIONS = DEBUG;
				SWIFT_OPTIMIZATION_LEVEL = "-Onone";
			};
			name = Debug;
		};
		BAC54085293A5D5900CA5415 /* Release */ = {
			isa = XCBuildConfiguration;
			buildSettings = {
				ALWAYS_SEARCH_USER_PATHS = NO;
				CLANG_ANALYZER_NONNULL = YES;
				CLANG_ANALYZER_NUMBER_OBJECT_CONVERSION = YES_AGGRESSIVE;
				CLANG_CXX_LANGUAGE_STANDARD = "gnu++17";
				CLANG_ENABLE_MODULES = YES;
				CLANG_ENABLE_OBJC_ARC = YES;
				CLANG_ENABLE_OBJC_WEAK = YES;
				CLANG_WARN_BLOCK_CAPTURE_AUTORELEASING = YES;
				CLANG_WARN_BOOL_CONVERSION = YES;
				CLANG_WARN_COMMA = YES;
				CLANG_WARN_CONSTANT_CONVERSION = YES;
				CLANG_WARN_DEPRECATED_OBJC_IMPLEMENTATIONS = YES;
				CLANG_WARN_DIRECT_OBJC_ISA_USAGE = YES_ERROR;
				CLANG_WARN_DOCUMENTATION_COMMENTS = YES;
				CLANG_WARN_EMPTY_BODY = YES;
				CLANG_WARN_ENUM_CONVERSION = YES;
				CLANG_WARN_INFINITE_RECURSION = YES;
				CLANG_WARN_INT_CONVERSION = YES;
				CLANG_WARN_NON_LITERAL_NULL_CONVERSION = YES;
				CLANG_WARN_OBJC_IMPLICIT_RETAIN_SELF = YES;
				CLANG_WARN_OBJC_LITERAL_CONVERSION = YES;
				CLANG_WARN_OBJC_ROOT_CLASS = YES_ERROR;
				CLANG_WARN_QUOTED_INCLUDE_IN_FRAMEWORK_HEADER = YES;
				CLANG_WARN_RANGE_LOOP_ANALYSIS = YES;
				CLANG_WARN_STRICT_PROTOTYPES = YES;
				CLANG_WARN_SUSPICIOUS_MOVE = YES;
				CLANG_WARN_UNGUARDED_AVAILABILITY = YES_AGGRESSIVE;
				CLANG_WARN_UNREACHABLE_CODE = YES;
				CLANG_WARN__DUPLICATE_METHOD_MATCH = YES;
				COPY_PHASE_STRIP = NO;
				DEBUG_INFORMATION_FORMAT = "dwarf-with-dsym";
				ENABLE_NS_ASSERTIONS = NO;
				ENABLE_STRICT_OBJC_MSGSEND = YES;
				GCC_C_LANGUAGE_STANDARD = gnu11;
				GCC_NO_COMMON_BLOCKS = YES;
				GCC_WARN_64_TO_32_BIT_CONVERSION = YES;
				GCC_WARN_ABOUT_RETURN_TYPE = YES_ERROR;
				GCC_WARN_UNDECLARED_SELECTOR = YES;
				GCC_WARN_UNINITIALIZED_AUTOS = YES_AGGRESSIVE;
				GCC_WARN_UNUSED_FUNCTION = YES;
				GCC_WARN_UNUSED_VARIABLE = YES;
				IPHONEOS_DEPLOYMENT_TARGET = 15.5;
				MTL_ENABLE_DEBUG_INFO = NO;
				MTL_FAST_MATH = YES;
				SDKROOT = iphoneos;
				SWIFT_COMPILATION_MODE = wholemodule;
				SWIFT_OPTIMIZATION_LEVEL = "-O";
				VALIDATE_PRODUCT = YES;
			};
			name = Release;
		};
		BAC54087293A5D5900CA5415 /* Debug */ = {
			isa = XCBuildConfiguration;
			buildSettings = {
				ASSETCATALOG_COMPILER_APPICON_NAME = AppIcon;
				ASSETCATALOG_COMPILER_GLOBAL_ACCENT_COLOR_NAME = AccentColor;
				CODE_SIGN_STYLE = Automatic;
				CURRENT_PROJECT_VERSION = 1;
				DEVELOPMENT_ASSET_PATHS = "\"IBooks/Preview Content\"";
				ENABLE_PREVIEWS = YES;
				GENERATE_INFOPLIST_FILE = YES;
				INFOPLIST_FILE = IBooks/Info.plist;
				INFOPLIST_KEY_UIApplicationSceneManifest_Generation = YES;
				INFOPLIST_KEY_UIApplicationSupportsIndirectInputEvents = YES;
				INFOPLIST_KEY_UILaunchScreen_Generation = YES;
				INFOPLIST_KEY_UISupportedInterfaceOrientations_iPad = "UIInterfaceOrientationPortrait UIInterfaceOrientationPortraitUpsideDown UIInterfaceOrientationLandscapeLeft UIInterfaceOrientationLandscapeRight";
				INFOPLIST_KEY_UISupportedInterfaceOrientations_iPhone = "UIInterfaceOrientationPortrait UIInterfaceOrientationLandscapeLeft UIInterfaceOrientationLandscapeRight";
				LD_RUNPATH_SEARCH_PATHS = (
					"$(inherited)",
					"@executable_path/Frameworks",
				);
				MARKETING_VERSION = 1.0;
				PRODUCT_BUNDLE_IDENTIFIER = com.tecsup.IBooks;
				PRODUCT_NAME = "$(TARGET_NAME)";
				SWIFT_EMIT_LOC_STRINGS = YES;
				SWIFT_VERSION = 5.0;
				TARGETED_DEVICE_FAMILY = "1,2";
			};
			name = Debug;
		};
		BAC54088293A5D5900CA5415 /* Release */ = {
			isa = XCBuildConfiguration;
			buildSettings = {
				ASSETCATALOG_COMPILER_APPICON_NAME = AppIcon;
				ASSETCATALOG_COMPILER_GLOBAL_ACCENT_COLOR_NAME = AccentColor;
				CODE_SIGN_STYLE = Automatic;
				CURRENT_PROJECT_VERSION = 1;
				DEVELOPMENT_ASSET_PATHS = "\"IBooks/Preview Content\"";
				ENABLE_PREVIEWS = YES;
				GENERATE_INFOPLIST_FILE = YES;
				INFOPLIST_FILE = IBooks/Info.plist;
				INFOPLIST_KEY_UIApplicationSceneManifest_Generation = YES;
				INFOPLIST_KEY_UIApplicationSupportsIndirectInputEvents = YES;
				INFOPLIST_KEY_UILaunchScreen_Generation = YES;
				INFOPLIST_KEY_UISupportedInterfaceOrientations_iPad = "UIInterfaceOrientationPortrait UIInterfaceOrientationPortraitUpsideDown UIInterfaceOrientationLandscapeLeft UIInterfaceOrientationLandscapeRight";
				INFOPLIST_KEY_UISupportedInterfaceOrientations_iPhone = "UIInterfaceOrientationPortrait UIInterfaceOrientationLandscapeLeft UIInterfaceOrientationLandscapeRight";
				LD_RUNPATH_SEARCH_PATHS = (
					"$(inherited)",
					"@executable_path/Frameworks",
				);
				MARKETING_VERSION = 1.0;
				PRODUCT_BUNDLE_IDENTIFIER = com.tecsup.IBooks;
				PRODUCT_NAME = "$(TARGET_NAME)";
				SWIFT_EMIT_LOC_STRINGS = YES;
				SWIFT_VERSION = 5.0;
				TARGETED_DEVICE_FAMILY = "1,2";
			};
			name = Release;
		};
/* End XCBuildConfiguration section */

/* Begin XCConfigurationList section */
		BAC54073293A5D5800CA5415 /* Build configuration list for PBXProject "IBooks" */ = {
			isa = XCConfigurationList;
			buildConfigurations = (
				BAC54084293A5D5900CA5415 /* Debug */,
				BAC54085293A5D5900CA5415 /* Release */,
			);
			defaultConfigurationIsVisible = 0;
			defaultConfigurationName = Release;
		};
		BAC54086293A5D5900CA5415 /* Build configuration list for PBXNativeTarget "IBooks" */ = {
			isa = XCConfigurationList;
			buildConfigurations = (
				BAC54087293A5D5900CA5415 /* Debug */,
				BAC54088293A5D5900CA5415 /* Release */,
			);
			defaultConfigurationIsVisible = 0;
			defaultConfigurationName = Release;
		};
/* End XCConfigurationList section */
	};
	rootObject = BAC54070293A5D5800CA5415 /* Project object */;
}
